// !$*UTF8*$!
{
	archiveVersion = 1;
	classes = {
	};
	objectVersion = 50;
	objects = {

/* Begin PBXBuildFile section */
		495D58E025F531B700A99378 /* GoogleService-Info.plist in Resources */ = {isa = PBXBuildFile; fileRef = 495D58DF25F531B700A99378 /* GoogleService-Info.plist */; };
		49C44E9925F411170028A5D1 /* AppDelegate.swift in Sources */ = {isa = PBXBuildFile; fileRef = 49C44E9825F411170028A5D1 /* AppDelegate.swift */; };
		49C44E9B25F411170028A5D1 /* SceneDelegate.swift in Sources */ = {isa = PBXBuildFile; fileRef = 49C44E9A25F411170028A5D1 /* SceneDelegate.swift */; };
		49C44E9D25F411170028A5D1 /* ViewController.swift in Sources */ = {isa = PBXBuildFile; fileRef = 49C44E9C25F411170028A5D1 /* ViewController.swift */; };
		49C44EA025F411170028A5D1 /* Main.storyboard in Resources */ = {isa = PBXBuildFile; fileRef = 49C44E9E25F411170028A5D1 /* Main.storyboard */; };
		49C44EA225F411190028A5D1 /* Assets.xcassets in Resources */ = {isa = PBXBuildFile; fileRef = 49C44EA125F411190028A5D1 /* Assets.xcassets */; };
		49C44EA525F411190028A5D1 /* LaunchScreen.storyboard in Resources */ = {isa = PBXBuildFile; fileRef = 49C44EA325F411190028A5D1 /* LaunchScreen.storyboard */; };
		49C44EAE25F4114A0028A5D1 /* HomeViewController.swift in Sources */ = {isa = PBXBuildFile; fileRef = 49C44EAD25F4114A0028A5D1 /* HomeViewController.swift */; };
		49C44EB125F411590028A5D1 /* LoginViewController.swift in Sources */ = {isa = PBXBuildFile; fileRef = 49C44EB025F411590028A5D1 /* LoginViewController.swift */; };
		49C44EB425F411680028A5D1 /* SignUpViewController.swift in Sources */ = {isa = PBXBuildFile; fileRef = 49C44EB325F411680028A5D1 /* SignUpViewController.swift */; };
/* End PBXBuildFile section */

/* Begin PBXFileReference section */
		495D58DF25F531B700A99378 /* GoogleService-Info.plist */ = {isa = PBXFileReference; fileEncoding = 4; lastKnownFileType = text.plist.xml; name = "GoogleService-Info.plist"; path = "../../../Downloads/GoogleService-Info.plist"; sourceTree = "<group>"; };
		49C44E9525F411170028A5D1 /* Billify.app */ = {isa = PBXFileReference; explicitFileType = wrapper.application; includeInIndex = 0; path = Billify.app; sourceTree = BUILT_PRODUCTS_DIR; };
		49C44E9825F411170028A5D1 /* AppDelegate.swift */ = {isa = PBXFileReference; lastKnownFileType = sourcecode.swift; path = AppDelegate.swift; sourceTree = "<group>"; };
		49C44E9A25F411170028A5D1 /* SceneDelegate.swift */ = {isa = PBXFileReference; lastKnownFileType = sourcecode.swift; path = SceneDelegate.swift; sourceTree = "<group>"; };
		49C44E9C25F411170028A5D1 /* ViewController.swift */ = {isa = PBXFileReference; lastKnownFileType = sourcecode.swift; path = ViewController.swift; sourceTree = "<group>"; };
		49C44E9F25F411170028A5D1 /* Base */ = {isa = PBXFileReference; lastKnownFileType = file.storyboard; name = Base; path = Base.lproj/Main.storyboard; sourceTree = "<group>"; };
		49C44EA125F411190028A5D1 /* Assets.xcassets */ = {isa = PBXFileReference; lastKnownFileType = folder.assetcatalog; path = Assets.xcassets; sourceTree = "<group>"; };
		49C44EA425F411190028A5D1 /* Base */ = {isa = PBXFileReference; lastKnownFileType = file.storyboard; name = Base; path = Base.lproj/LaunchScreen.storyboard; sourceTree = "<group>"; };
		49C44EA625F411190028A5D1 /* Info.plist */ = {isa = PBXFileReference; lastKnownFileType = text.plist.xml; path = Info.plist; sourceTree = "<group>"; };
		49C44EAD25F4114A0028A5D1 /* HomeViewController.swift */ = {isa = PBXFileReference; lastKnownFileType = sourcecode.swift; path = HomeViewController.swift; sourceTree = "<group>"; };
		49C44EB025F411590028A5D1 /* LoginViewController.swift */ = {isa = PBXFileReference; lastKnownFileType = sourcecode.swift; path = LoginViewController.swift; sourceTree = "<group>"; };
		49C44EB325F411680028A5D1 /* SignUpViewController.swift */ = {isa = PBXFileReference; lastKnownFileType = sourcecode.swift; path = SignUpViewController.swift; sourceTree = "<group>"; };
/* End PBXFileReference section */

/* Begin PBXFrameworksBuildPhase section */
		49C44E9225F411170028A5D1 /* Frameworks */ = {
			isa = PBXFrameworksBuildPhase;
			buildActionMask = 2147483647;
			files = (
			);
			runOnlyForDeploymentPostprocessing = 0;
		};
/* End PBXFrameworksBuildPhase section */

/* Begin PBXGroup section */
		49C44E8C25F411170028A5D1 = {
			isa = PBXGroup;
			children = (
				49C44E9725F411170028A5D1 /* Billify */,
				49C44E9625F411170028A5D1 /* Products */,
			);
			sourceTree = "<group>";
		};
		49C44E9625F411170028A5D1 /* Products */ = {
			isa = PBXGroup;
			children = (
				49C44E9525F411170028A5D1 /* Billify.app */,
			);
			name = Products;
			sourceTree = "<group>";
		};
		49C44E9725F411170028A5D1 /* Billify */ = {
			isa = PBXGroup;
			children = (
				49C44E9825F411170028A5D1 /* AppDelegate.swift */,
				49C44E9A25F411170028A5D1 /* SceneDelegate.swift */,
				49C44E9E25F411170028A5D1 /* Main.storyboard */,
				495D58DF25F531B700A99378 /* GoogleService-Info.plist */,
				49C44EA125F411190028A5D1 /* Assets.xcassets */,
				49C44EA325F411190028A5D1 /* LaunchScreen.storyboard */,
				49C44EA625F411190028A5D1 /* Info.plist */,
				49C44EB625F4116E0028A5D1 /* View Controllers */,
			);
			path = Billify;
			sourceTree = "<group>";
		};
		49C44EB625F4116E0028A5D1 /* View Controllers */ = {
			isa = PBXGroup;
			children = (
				49C44E9C25F411170028A5D1 /* ViewController.swift */,
				49C44EAD25F4114A0028A5D1 /* HomeViewController.swift */,
				49C44EB025F411590028A5D1 /* LoginViewController.swift */,
				49C44EB325F411680028A5D1 /* SignUpViewController.swift */,
			);
			path = "View Controllers";
			sourceTree = "<group>";
		};
/* End PBXGroup section */

/* Begin PBXNativeTarget section */
		49C44E9425F411170028A5D1 /* Billify */ = {
			isa = PBXNativeTarget;
			buildConfigurationList = 49C44EA925F411190028A5D1 /* Build configuration list for PBXNativeTarget "Billify" */;
			buildPhases = (
				49C44E9125F411170028A5D1 /* Sources */,
				49C44E9225F411170028A5D1 /* Frameworks */,
				49C44E9325F411170028A5D1 /* Resources */,
			);
			buildRules = (
			);
			dependencies = (
			);
			name = Billify;
			productName = Billify;
			productReference = 49C44E9525F411170028A5D1 /* Billify.app */;
			productType = "com.apple.product-type.application";
		};
/* End PBXNativeTarget section */

/* Begin PBXProject section */
		49C44E8D25F411170028A5D1 /* Project object */ = {
			isa = PBXProject;
			attributes = {
				LastSwiftUpdateCheck = 1240;
				LastUpgradeCheck = 1240;
				TargetAttributes = {
					49C44E9425F411170028A5D1 = {
						CreatedOnToolsVersion = 12.4;
					};
				};
			};
			buildConfigurationList = 49C44E9025F411170028A5D1 /* Build configuration list for PBXProject "Billify" */;
			compatibilityVersion = "Xcode 9.3";
			developmentRegion = en;
			hasScannedForEncodings = 0;
			knownRegions = (
				en,
				Base,
			);
			mainGroup = 49C44E8C25F411170028A5D1;
			productRefGroup = 49C44E9625F411170028A5D1 /* Products */;
			projectDirPath = "";
			projectRoot = "";
			targets = (
				49C44E9425F411170028A5D1 /* Billify */,
			);
		};
/* End PBXProject section */

/* Begin PBXResourcesBuildPhase section */
		49C44E9325F411170028A5D1 /* Resources */ = {
			isa = PBXResourcesBuildPhase;
			buildActionMask = 2147483647;
			files = (
				49C44EA525F411190028A5D1 /* LaunchScreen.storyboard in Resources */,
				495D58E025F531B700A99378 /* GoogleService-Info.plist in Resources */,
				49C44EA225F411190028A5D1 /* Assets.xcassets in Resources */,
				49C44EA025F411170028A5D1 /* Main.storyboard in Resources */,
			);
			runOnlyForDeploymentPostprocessing = 0;
		};
/* End PBXResourcesBuildPhase section */

/* Begin PBXSourcesBuildPhase section */
		49C44E9125F411170028A5D1 /* Sources */ = {
			isa = PBXSourcesBuildPhase;
			buildActionMask = 2147483647;
			files = (
				49C44EB425F411680028A5D1 /* SignUpViewController.swift in Sources */,
				49C44E9D25F411170028A5D1 /* ViewController.swift in Sources */,
				49C44E9925F411170028A5D1 /* AppDelegate.swift in Sources */,
				49C44E9B25F411170028A5D1 /* SceneDelegate.swift in Sources */,
				49C44EB125F411590028A5D1 /* LoginViewController.swift in Sources */,
				49C44EAE25F4114A0028A5D1 /* HomeViewController.swift in Sources */,
			);
			runOnlyForDeploymentPostprocessing = 0;
		};
/* End PBXSourcesBuildPhase section */

/* Begin PBXVariantGroup section */
		49C44E9E25F411170028A5D1 /* Main.storyboard */ = {
			isa = PBXVariantGroup;
			children = (
				49C44E9F25F411170028A5D1 /* Base */,
			);
			name = Main.storyboard;
			sourceTree = "<group>";
		};
		49C44EA325F411190028A5D1 /* LaunchScreen.storyboard */ = {
			isa = PBXVariantGroup;
			children = (
				49C44EA425F411190028A5D1 /* Base */,
			);
			name = LaunchScreen.storyboard;
			sourceTree = "<group>";
		};
/* End PBXVariantGroup section */

/* Begin XCBuildConfiguration section */
		49C44EA725F411190028A5D1 /* Debug */ = {
			isa = XCBuildConfiguration;
			buildSettings = {
				ALWAYS_SEARCH_USER_PATHS = NO;
				CLANG_ANALYZER_NONNULL = YES;
				CLANG_ANALYZER_NUMBER_OBJECT_CONVERSION = YES_AGGRESSIVE;
				CLANG_CXX_LANGUAGE_STANDARD = "gnu++14";
				CLANG_CXX_LIBRARY = "libc++";
				CLANG_ENABLE_MODULES = YES;
				CLANG_ENABLE_OBJC_ARC = YES;
				CLANG_ENABLE_OBJC_WEAK = YES;
				CLANG_WARN_BLOCK_CAPTURE_AUTORELEASING = YES;
				CLANG_WARN_BOOL_CONVERSION = YES;
				CLANG_WARN_COMMA = YES;
				CLANG_WARN_CONSTANT_CONVERSION = YES;
				CLANG_WARN_DEPRECATED_OBJC_IMPLEMENTATIONS = YES;
				CLANG_WARN_DIRECT_OBJC_ISA_USAGE = YES_ERROR;
				CLANG_WARN_DOCUMENTATION_COMMENTS = YES;
				CLANG_WARN_EMPTY_BODY = YES;
				CLANG_WARN_ENUM_CONVERSION = YES;
				CLANG_WARN_INFINITE_RECURSION = YES;
				CLANG_WARN_INT_CONVERSION = YES;
				CLANG_WARN_NON_LITERAL_NULL_CONVERSION = YES;
				CLANG_WARN_OBJC_IMPLICIT_RETAIN_SELF = YES;
				CLANG_WARN_OBJC_LITERAL_CONVERSION = YES;
				CLANG_WARN_OBJC_ROOT_CLASS = YES_ERROR;
				CLANG_WARN_QUOTED_INCLUDE_IN_FRAMEWORK_HEADER = YES;
				CLANG_WARN_RANGE_LOOP_ANALYSIS = YES;
				CLANG_WARN_STRICT_PROTOTYPES = YES;
				CLANG_WARN_SUSPICIOUS_MOVE = YES;
				CLANG_WARN_UNGUARDED_AVAILABILITY = YES_AGGRESSIVE;
				CLANG_WARN_UNREACHABLE_CODE = YES;
				CLANG_WARN__DUPLICATE_METHOD_MATCH = YES;
				COPY_PHASE_STRIP = NO;
				DEBUG_INFORMATION_FORMAT = dwarf;
				ENABLE_STRICT_OBJC_MSGSEND = YES;
				ENABLE_TESTABILITY = YES;
				GCC_C_LANGUAGE_STANDARD = gnu11;
				GCC_DYNAMIC_NO_PIC = NO;
				GCC_NO_COMMON_BLOCKS = YES;
				GCC_OPTIMIZATION_LEVEL = 0;
				GCC_PREPROCESSOR_DEFINITIONS = (
					"DEBUG=1",
					"$(inherited)",
				);
				GCC_WARN_64_TO_32_BIT_CONVERSION = YES;
				GCC_WARN_ABOUT_RETURN_TYPE = YES_ERROR;
				GCC_WARN_UNDECLARED_SELECTOR = YES;
				GCC_WARN_UNINITIALIZED_AUTOS = YES_AGGRESSIVE;
				GCC_WARN_UNUSED_FUNCTION = YES;
				GCC_WARN_UNUSED_VARIABLE = YES;
				IPHONEOS_DEPLOYMENT_TARGET = 14.4;
				MTL_ENABLE_DEBUG_INFO = INCLUDE_SOURCE;
				MTL_FAST_MATH = YES;
				ONLY_ACTIVE_ARCH = YES;
				SDKROOT = iphoneos;
				SWIFT_ACTIVE_COMPILATION_CONDITIONS = DEBUG;
				SWIFT_OPTIMIZATION_LEVEL = "-Onone";
			};
			name = Debug;
		};
		49C44EA825F411190028A5D1 /* Release */ = {
			isa = XCBuildConfiguration;
			buildSettings = {
				ALWAYS_SEARCH_USER_PATHS = NO;
				CLANG_ANALYZER_NONNULL = YES;
				CLANG_ANALYZER_NUMBER_OBJECT_CONVERSION = YES_AGGRESSIVE;
				CLANG_CXX_LANGUAGE_STANDARD = "gnu++14";
				CLANG_CXX_LIBRARY = "libc++";
				CLANG_ENABLE_MODULES = YES;
				CLANG_ENABLE_OBJC_ARC = YES;
				CLANG_ENABLE_OBJC_WEAK = YES;
				CLANG_WARN_BLOCK_CAPTURE_AUTORELEASING = YES;
				CLANG_WARN_BOOL_CONVERSION = YES;
				CLANG_WARN_COMMA = YES;
				CLANG_WARN_CONSTANT_CONVERSION = YES;
				CLANG_WARN_DEPRECATED_OBJC_IMPLEMENTATIONS = YES;
				CLANG_WARN_DIRECT_OBJC_ISA_USAGE = YES_ERROR;
				CLANG_WARN_DOCUMENTATION_COMMENTS = YES;
				CLANG_WARN_EMPTY_BODY = YES;
				CLANG_WARN_ENUM_CONVERSION = YES;
				CLANG_WARN_INFINITE_RECURSION = YES;
				CLANG_WARN_INT_CONVERSION = YES;
				CLANG_WARN_NON_LITERAL_NULL_CONVERSION = YES;
				CLANG_WARN_OBJC_IMPLICIT_RETAIN_SELF = YES;
				CLANG_WARN_OBJC_LITERAL_CONVERSION = YES;
				CLANG_WARN_OBJC_ROOT_CLASS = YES_ERROR;
				CLANG_WARN_QUOTED_INCLUDE_IN_FRAMEWORK_HEADER = YES;
				CLANG_WARN_RANGE_LOOP_ANALYSIS = YES;
				CLANG_WARN_STRICT_PROTOTYPES = YES;
				CLANG_WARN_SUSPICIOUS_MOVE = YES;
				CLANG_WARN_UNGUARDED_AVAILABILITY = YES_AGGRESSIVE;
				CLANG_WARN_UNREACHABLE_CODE = YES;
				CLANG_WARN__DUPLICATE_METHOD_MATCH = YES;
				COPY_PHASE_STRIP = NO;
				DEBUG_INFORMATION_FORMAT = "dwarf-with-dsym";
				ENABLE_NS_ASSERTIONS = NO;
				ENABLE_STRICT_OBJC_MSGSEND = YES;
				GCC_C_LANGUAGE_STANDARD = gnu11;
				GCC_NO_COMMON_BLOCKS = YES;
				GCC_WARN_64_TO_32_BIT_CONVERSION = YES;
				GCC_WARN_ABOUT_RETURN_TYPE = YES_ERROR;
				GCC_WARN_UNDECLARED_SELECTOR = YES;
				GCC_WARN_UNINITIALIZED_AUTOS = YES_AGGRESSIVE;
				GCC_WARN_UNUSED_FUNCTION = YES;
				GCC_WARN_UNUSED_VARIABLE = YES;
				IPHONEOS_DEPLOYMENT_TARGET = 14.4;
				MTL_ENABLE_DEBUG_INFO = NO;
				MTL_FAST_MATH = YES;
				SDKROOT = iphoneos;
				SWIFT_COMPILATION_MODE = wholemodule;
				SWIFT_OPTIMIZATION_LEVEL = "-O";
				VALIDATE_PRODUCT = YES;
			};
			name = Release;
		};
		49C44EAA25F411190028A5D1 /* Debug */ = {
			isa = XCBuildConfiguration;
			buildSettings = {
				ASSETCATALOG_COMPILER_APPICON_NAME = AppIcon;
				ASSETCATALOG_COMPILER_GLOBAL_ACCENT_COLOR_NAME = AccentColor;
				CODE_SIGN_STYLE = Automatic;
				INFOPLIST_FILE = Billify/Info.plist;
				LD_RUNPATH_SEARCH_PATHS = (
					"$(inherited)",
					"@executable_path/Frameworks",
				);
				PRODUCT_BUNDLE_IDENTIFIER = "Aditi-Hiremath.Billify";
				PRODUCT_NAME = "$(TARGET_NAME)";
				SWIFT_VERSION = 5.0;
				TARGETED_DEVICE_FAMILY = "1,2";
			};
			name = Debug;
		};
		49C44EAB25F411190028A5D1 /* Release */ = {
			isa = XCBuildConfiguration;
			buildSettings = {
				ASSETCATALOG_COMPILER_APPICON_NAME = AppIcon;
				ASSETCATALOG_COMPILER_GLOBAL_ACCENT_COLOR_NAME = AccentColor;
				CODE_SIGN_STYLE = Automatic;
				INFOPLIST_FILE = Billify/Info.plist;
				LD_RUNPATH_SEARCH_PATHS = (
					"$(inherited)",
					"@executable_path/Frameworks",
				);
				PRODUCT_BUNDLE_IDENTIFIER = "Aditi-Hiremath.Billify";
				PRODUCT_NAME = "$(TARGET_NAME)";
				SWIFT_VERSION = 5.0;
				TARGETED_DEVICE_FAMILY = "1,2";
			};
			name = Release;
		};
/* End XCBuildConfiguration section */

/* Begin XCConfigurationList section */
		49C44E9025F411170028A5D1 /* Build configuration list for PBXProject "Billify" */ = {
			isa = XCConfigurationList;
			buildConfigurations = (
				49C44EA725F411190028A5D1 /* Debug */,
				49C44EA825F411190028A5D1 /* Release */,
			);
			defaultConfigurationIsVisible = 0;
			defaultConfigurationName = Release;
		};
		49C44EA925F411190028A5D1 /* Build configuration list for PBXNativeTarget "Billify" */ = {
			isa = XCConfigurationList;
			buildConfigurations = (
				49C44EAA25F411190028A5D1 /* Debug */,
				49C44EAB25F411190028A5D1 /* Release */,
			);
			defaultConfigurationIsVisible = 0;
			defaultConfigurationName = Release;
		};
/* End XCConfigurationList section */
	};
	rootObject = 49C44E8D25F411170028A5D1 /* Project object */;
}
